// !$*UTF8*$!
{
	archiveVersion = 1;
	classes = {
	};
	objectVersion = 51;
	objects = {

/* Begin PBXBuildFile section */
		1503CED2FEED03C4BA73DEB3 /* Pods_RegistrationApp.framework in Frameworks */ = {isa = PBXBuildFile; fileRef = 85DDFB4682F184EE5E70407A /* Pods_RegistrationApp.framework */; };
		AE84C971246ED1A900F7166B /* UILabel+Extension.swift in Sources */ = {isa = PBXBuildFile; fileRef = AE84C970246ED1A900F7166B /* UILabel+Extension.swift */; };
		AE84C975246ED43D00F7166B /* Protocols.swift in Sources */ = {isa = PBXBuildFile; fileRef = AE84C974246ED43D00F7166B /* Protocols.swift */; };
		AE84C977246EDBB000F7166B /* UIColor+Extension.swift in Sources */ = {isa = PBXBuildFile; fileRef = AE84C976246EDBB000F7166B /* UIColor+Extension.swift */; };
		AEC72299246F01CB004CA9A7 /* CheckBox.swift in Sources */ = {isa = PBXBuildFile; fileRef = AEC72298246F01CB004CA9A7 /* CheckBox.swift */; };
		AEC9360C2478371700EEBDA7 /* GoogleService-Info.plist in Resources */ = {isa = PBXBuildFile; fileRef = AEC9360B2478371700EEBDA7 /* GoogleService-Info.plist */; };
		AEC9360E2478398200EEBDA7 /* User.swift in Sources */ = {isa = PBXBuildFile; fileRef = AEC9360D2478398200EEBDA7 /* User.swift */; };
		AEC93610247839E900EEBDA7 /* RegistrationViewModel.swift in Sources */ = {isa = PBXBuildFile; fileRef = AEC9360F247839E900EEBDA7 /* RegistrationViewModel.swift */; };
		AEC9361224783C1600EEBDA7 /* Extension+String.swift in Sources */ = {isa = PBXBuildFile; fileRef = AEC9361124783C1600EEBDA7 /* Extension+String.swift */; };
		AEC93615247842FE00EEBDA7 /* Alert.swift in Sources */ = {isa = PBXBuildFile; fileRef = AEC93614247842FE00EEBDA7 /* Alert.swift */; };
		AEC9361724790CE400EEBDA7 /* MainController.swift in Sources */ = {isa = PBXBuildFile; fileRef = AEC9361624790CE400EEBDA7 /* MainController.swift */; };
		AEC9361924790CFB00EEBDA7 /* MainView.swift in Sources */ = {isa = PBXBuildFile; fileRef = AEC9361824790CFB00EEBDA7 /* MainView.swift */; };
		AEC9361B2479344700EEBDA7 /* LoginViewModel.swift in Sources */ = {isa = PBXBuildFile; fileRef = AEC9361A2479344700EEBDA7 /* LoginViewModel.swift */; };
		AEC9532B24693BA10068B6EE /* AppDelegate.swift in Sources */ = {isa = PBXBuildFile; fileRef = AEC9532A24693BA10068B6EE /* AppDelegate.swift */; };
		AEC9532D24693BA10068B6EE /* SceneDelegate.swift in Sources */ = {isa = PBXBuildFile; fileRef = AEC9532C24693BA10068B6EE /* SceneDelegate.swift */; };
		AEC9533224693BA10068B6EE /* Main.storyboard in Resources */ = {isa = PBXBuildFile; fileRef = AEC9533024693BA10068B6EE /* Main.storyboard */; };
		AEC9533424693BA40068B6EE /* Assets.xcassets in Resources */ = {isa = PBXBuildFile; fileRef = AEC9533324693BA40068B6EE /* Assets.xcassets */; };
		AEC9533724693BA40068B6EE /* LaunchScreen.storyboard in Resources */ = {isa = PBXBuildFile; fileRef = AEC9533524693BA40068B6EE /* LaunchScreen.storyboard */; };
		AEC9533F24693BD20068B6EE /* LoginController.swift in Sources */ = {isa = PBXBuildFile; fileRef = AEC9533E24693BD20068B6EE /* LoginController.swift */; };
		AEC9534724693C6D0068B6EE /* UIView+Extension.swift in Sources */ = {isa = PBXBuildFile; fileRef = AEC9534624693C6D0068B6EE /* UIView+Extension.swift */; };
		AEC9534924693C930068B6EE /* LoginView.swift in Sources */ = {isa = PBXBuildFile; fileRef = AEC9534824693C930068B6EE /* LoginView.swift */; };
		AEC9534D24693DC80068B6EE /* UITextField+Extension.swift in Sources */ = {isa = PBXBuildFile; fileRef = AEC9534C24693DC80068B6EE /* UITextField+Extension.swift */; };
		AEC9534F246945DF0068B6EE /* AuthButton.swift in Sources */ = {isa = PBXBuildFile; fileRef = AEC9534E246945DF0068B6EE /* AuthButton.swift */; };
		AEC95354246949AC0068B6EE /* RegistrationController.swift in Sources */ = {isa = PBXBuildFile; fileRef = AEC95353246949AC0068B6EE /* RegistrationController.swift */; };
		AEC95356246949FA0068B6EE /* RegistrationView.swift in Sources */ = {isa = PBXBuildFile; fileRef = AEC95355246949FA0068B6EE /* RegistrationView.swift */; };
		AEC9535B2469592C0068B6EE /* ForgotPasswordController.swift in Sources */ = {isa = PBXBuildFile; fileRef = AEC9535A2469592C0068B6EE /* ForgotPasswordController.swift */; };
		AEC9535D2469595E0068B6EE /* ForgotPassView.swift in Sources */ = {isa = PBXBuildFile; fileRef = AEC9535C2469595E0068B6EE /* ForgotPassView.swift */; };
		AEDE566A247A83B300A3476E /* Pods_RegistrationApp.framework in Frameworks */ = {isa = PBXBuildFile; fileRef = AEDE5654247A83B300A3476E /* Pods_RegistrationApp.framework */; };
		AEDE566B247A83B300A3476E /* Pods_RegistrationApp.framework in Embed Frameworks */ = {isa = PBXBuildFile; fileRef = AEDE5654247A83B300A3476E /* Pods_RegistrationApp.framework */; settings = {ATTRIBUTES = (CodeSignOnCopy, RemoveHeadersOnCopy, ); }; };
		AEDE5670247AB50E00A3476E /* ForgotPasswordViewModel.swift in Sources */ = {isa = PBXBuildFile; fileRef = AEDE566F247AB50E00A3476E /* ForgotPasswordViewModel.swift */; };
		AEDE5672247ABD3D00A3476E /* MainViewModel.swift in Sources */ = {isa = PBXBuildFile; fileRef = AEDE5671247ABD3D00A3476E /* MainViewModel.swift */; };
/* End PBXBuildFile section */

/* Begin PBXCopyFilesBuildPhase section */
		AEDE566E247A83B300A3476E /* Embed Frameworks */ = {
			isa = PBXCopyFilesBuildPhase;
			buildActionMask = 2147483647;
			dstPath = "";
			dstSubfolderSpec = 10;
			files = (
				AEDE566B247A83B300A3476E /* Pods_RegistrationApp.framework in Embed Frameworks */,
			);
			name = "Embed Frameworks";
			runOnlyForDeploymentPostprocessing = 0;
		};
/* End PBXCopyFilesBuildPhase section */

/* Begin PBXFileReference section */
		262A55AE81F25784EAB11B57 /* Pods-RegistrationApp.debug.xcconfig */ = {isa = PBXFileReference; includeInIndex = 1; lastKnownFileType = text.xcconfig; name = "Pods-RegistrationApp.debug.xcconfig"; path = "Target Support Files/Pods-RegistrationApp/Pods-RegistrationApp.debug.xcconfig"; sourceTree = "<group>"; };
		4401A5EFC850B99794ED8E87 /* Pods-RegistrationApp.release.xcconfig */ = {isa = PBXFileReference; includeInIndex = 1; lastKnownFileType = text.xcconfig; name = "Pods-RegistrationApp.release.xcconfig"; path = "Target Support Files/Pods-RegistrationApp/Pods-RegistrationApp.release.xcconfig"; sourceTree = "<group>"; };
		85DDFB4682F184EE5E70407A /* Pods_RegistrationApp.framework */ = {isa = PBXFileReference; explicitFileType = wrapper.framework; includeInIndex = 0; path = Pods_RegistrationApp.framework; sourceTree = BUILT_PRODUCTS_DIR; };
		AE84C970246ED1A900F7166B /* UILabel+Extension.swift */ = {isa = PBXFileReference; lastKnownFileType = sourcecode.swift; path = "UILabel+Extension.swift"; sourceTree = "<group>"; };
		AE84C974246ED43D00F7166B /* Protocols.swift */ = {isa = PBXFileReference; lastKnownFileType = sourcecode.swift; path = Protocols.swift; sourceTree = "<group>"; };
		AE84C976246EDBB000F7166B /* UIColor+Extension.swift */ = {isa = PBXFileReference; lastKnownFileType = sourcecode.swift; path = "UIColor+Extension.swift"; sourceTree = "<group>"; };
		AEC72298246F01CB004CA9A7 /* CheckBox.swift */ = {isa = PBXFileReference; fileEncoding = 4; lastKnownFileType = sourcecode.swift; path = CheckBox.swift; sourceTree = "<group>"; };
		AEC9360B2478371700EEBDA7 /* GoogleService-Info.plist */ = {isa = PBXFileReference; fileEncoding = 4; lastKnownFileType = text.plist.xml; path = "GoogleService-Info.plist"; sourceTree = "<group>"; };
		AEC9360D2478398200EEBDA7 /* User.swift */ = {isa = PBXFileReference; lastKnownFileType = sourcecode.swift; path = User.swift; sourceTree = "<group>"; };
		AEC9360F247839E900EEBDA7 /* RegistrationViewModel.swift */ = {isa = PBXFileReference; lastKnownFileType = sourcecode.swift; path = RegistrationViewModel.swift; sourceTree = "<group>"; };
		AEC9361124783C1600EEBDA7 /* Extension+String.swift */ = {isa = PBXFileReference; lastKnownFileType = sourcecode.swift; path = "Extension+String.swift"; sourceTree = "<group>"; };
		AEC93614247842FE00EEBDA7 /* Alert.swift */ = {isa = PBXFileReference; lastKnownFileType = sourcecode.swift; path = Alert.swift; sourceTree = "<group>"; };
		AEC9361624790CE400EEBDA7 /* MainController.swift */ = {isa = PBXFileReference; lastKnownFileType = sourcecode.swift; path = MainController.swift; sourceTree = "<group>"; };
		AEC9361824790CFB00EEBDA7 /* MainView.swift */ = {isa = PBXFileReference; lastKnownFileType = sourcecode.swift; path = MainView.swift; sourceTree = "<group>"; };
		AEC9361A2479344700EEBDA7 /* LoginViewModel.swift */ = {isa = PBXFileReference; lastKnownFileType = sourcecode.swift; path = LoginViewModel.swift; sourceTree = "<group>"; };
		AEC9532724693BA10068B6EE /* RegistrationApp.app */ = {isa = PBXFileReference; explicitFileType = wrapper.application; includeInIndex = 0; path = RegistrationApp.app; sourceTree = BUILT_PRODUCTS_DIR; };
		AEC9532A24693BA10068B6EE /* AppDelegate.swift */ = {isa = PBXFileReference; lastKnownFileType = sourcecode.swift; path = AppDelegate.swift; sourceTree = "<group>"; };
		AEC9532C24693BA10068B6EE /* SceneDelegate.swift */ = {isa = PBXFileReference; lastKnownFileType = sourcecode.swift; path = SceneDelegate.swift; sourceTree = "<group>"; };
		AEC9533124693BA10068B6EE /* Base */ = {isa = PBXFileReference; lastKnownFileType = file.storyboard; name = Base; path = Base.lproj/Main.storyboard; sourceTree = "<group>"; };
		AEC9533324693BA40068B6EE /* Assets.xcassets */ = {isa = PBXFileReference; lastKnownFileType = folder.assetcatalog; path = Assets.xcassets; sourceTree = "<group>"; };
		AEC9533624693BA40068B6EE /* Base */ = {isa = PBXFileReference; lastKnownFileType = file.storyboard; name = Base; path = Base.lproj/LaunchScreen.storyboard; sourceTree = "<group>"; };
		AEC9533824693BA40068B6EE /* Info.plist */ = {isa = PBXFileReference; lastKnownFileType = text.plist.xml; path = Info.plist; sourceTree = "<group>"; };
		AEC9533E24693BD20068B6EE /* LoginController.swift */ = {isa = PBXFileReference; lastKnownFileType = sourcecode.swift; path = LoginController.swift; sourceTree = "<group>"; };
		AEC9534624693C6D0068B6EE /* UIView+Extension.swift */ = {isa = PBXFileReference; lastKnownFileType = sourcecode.swift; path = "UIView+Extension.swift"; sourceTree = "<group>"; };
		AEC9534824693C930068B6EE /* LoginView.swift */ = {isa = PBXFileReference; lastKnownFileType = sourcecode.swift; path = LoginView.swift; sourceTree = "<group>"; };
		AEC9534C24693DC80068B6EE /* UITextField+Extension.swift */ = {isa = PBXFileReference; lastKnownFileType = sourcecode.swift; path = "UITextField+Extension.swift"; sourceTree = "<group>"; };
		AEC9534E246945DF0068B6EE /* AuthButton.swift */ = {isa = PBXFileReference; lastKnownFileType = sourcecode.swift; path = AuthButton.swift; sourceTree = "<group>"; };
		AEC95353246949AC0068B6EE /* RegistrationController.swift */ = {isa = PBXFileReference; lastKnownFileType = sourcecode.swift; path = RegistrationController.swift; sourceTree = "<group>"; };
		AEC95355246949FA0068B6EE /* RegistrationView.swift */ = {isa = PBXFileReference; lastKnownFileType = sourcecode.swift; path = RegistrationView.swift; sourceTree = "<group>"; };
		AEC9535A2469592C0068B6EE /* ForgotPasswordController.swift */ = {isa = PBXFileReference; lastKnownFileType = sourcecode.swift; path = ForgotPasswordController.swift; sourceTree = "<group>"; };
		AEC9535C2469595E0068B6EE /* ForgotPassView.swift */ = {isa = PBXFileReference; lastKnownFileType = sourcecode.swift; path = ForgotPassView.swift; sourceTree = "<group>"; };
		AEDE564A247A83B300A3476E /* FBLPromises.framework */ = {isa = PBXFileReference; explicitFileType = wrapper.framework; path = FBLPromises.framework; sourceTree = BUILT_PRODUCTS_DIR; };
		AEDE564B247A83B300A3476E /* FirebaseAuth.framework */ = {isa = PBXFileReference; explicitFileType = wrapper.framework; path = FirebaseAuth.framework; sourceTree = BUILT_PRODUCTS_DIR; };
		AEDE564C247A83B300A3476E /* FirebaseCore.framework */ = {isa = PBXFileReference; explicitFileType = wrapper.framework; path = FirebaseCore.framework; sourceTree = BUILT_PRODUCTS_DIR; };
		AEDE564D247A83B300A3476E /* FirebaseCoreDiagnostics.framework */ = {isa = PBXFileReference; explicitFileType = wrapper.framework; path = FirebaseCoreDiagnostics.framework; sourceTree = BUILT_PRODUCTS_DIR; };
		AEDE564E247A83B300A3476E /* FirebaseInstallations.framework */ = {isa = PBXFileReference; explicitFileType = wrapper.framework; path = FirebaseInstallations.framework; sourceTree = BUILT_PRODUCTS_DIR; };
		AEDE564F247A83B300A3476E /* GoogleDataTransport.framework */ = {isa = PBXFileReference; explicitFileType = wrapper.framework; path = GoogleDataTransport.framework; sourceTree = BUILT_PRODUCTS_DIR; };
		AEDE5650247A83B300A3476E /* GoogleDataTransportCCTSupport.framework */ = {isa = PBXFileReference; explicitFileType = wrapper.framework; path = GoogleDataTransportCCTSupport.framework; sourceTree = BUILT_PRODUCTS_DIR; };
		AEDE5651247A83B300A3476E /* GoogleUtilities.framework */ = {isa = PBXFileReference; explicitFileType = wrapper.framework; path = GoogleUtilities.framework; sourceTree = BUILT_PRODUCTS_DIR; };
		AEDE5652247A83B300A3476E /* GTMSessionFetcher.framework */ = {isa = PBXFileReference; explicitFileType = wrapper.framework; path = GTMSessionFetcher.framework; sourceTree = BUILT_PRODUCTS_DIR; };
		AEDE5653247A83B300A3476E /* nanopb.framework */ = {isa = PBXFileReference; explicitFileType = wrapper.framework; path = nanopb.framework; sourceTree = BUILT_PRODUCTS_DIR; };
		AEDE5654247A83B300A3476E /* Pods_RegistrationApp.framework */ = {isa = PBXFileReference; explicitFileType = wrapper.framework; path = Pods_RegistrationApp.framework; sourceTree = BUILT_PRODUCTS_DIR; };
		AEDE5655247A83B300A3476E /* SnapKit.framework */ = {isa = PBXFileReference; explicitFileType = wrapper.framework; path = SnapKit.framework; sourceTree = BUILT_PRODUCTS_DIR; };
		AEDE566F247AB50E00A3476E /* ForgotPasswordViewModel.swift */ = {isa = PBXFileReference; lastKnownFileType = sourcecode.swift; path = ForgotPasswordViewModel.swift; sourceTree = "<group>"; };
		AEDE5671247ABD3D00A3476E /* MainViewModel.swift */ = {isa = PBXFileReference; lastKnownFileType = sourcecode.swift; path = MainViewModel.swift; sourceTree = "<group>"; };
/* End PBXFileReference section */

/* Begin PBXFrameworksBuildPhase section */
		AEC9532424693BA10068B6EE /* Frameworks */ = {
			isa = PBXFrameworksBuildPhase;
			buildActionMask = 2147483647;
			files = (
				AEDE566A247A83B300A3476E /* Pods_RegistrationApp.framework in Frameworks */,
				1503CED2FEED03C4BA73DEB3 /* Pods_RegistrationApp.framework in Frameworks */,
			);
			runOnlyForDeploymentPostprocessing = 0;
		};
/* End PBXFrameworksBuildPhase section */

/* Begin PBXGroup section */
		05BAE845779FF0BD2054B32A /* Pods */ = {
			isa = PBXGroup;
			children = (
				262A55AE81F25784EAB11B57 /* Pods-RegistrationApp.debug.xcconfig */,
				4401A5EFC850B99794ED8E87 /* Pods-RegistrationApp.release.xcconfig */,
			);
			path = Pods;
			sourceTree = "<group>";
		};
		809DDDE34DBB0D5767C16DDA /* Frameworks */ = {
			isa = PBXGroup;
			children = (
				AEDE564A247A83B300A3476E /* FBLPromises.framework */,
				AEDE564B247A83B300A3476E /* FirebaseAuth.framework */,
				AEDE564C247A83B300A3476E /* FirebaseCore.framework */,
				AEDE564D247A83B300A3476E /* FirebaseCoreDiagnostics.framework */,
				AEDE564E247A83B300A3476E /* FirebaseInstallations.framework */,
				AEDE564F247A83B300A3476E /* GoogleDataTransport.framework */,
				AEDE5650247A83B300A3476E /* GoogleDataTransportCCTSupport.framework */,
				AEDE5651247A83B300A3476E /* GoogleUtilities.framework */,
				AEDE5652247A83B300A3476E /* GTMSessionFetcher.framework */,
				AEDE5653247A83B300A3476E /* nanopb.framework */,
				AEDE5654247A83B300A3476E /* Pods_RegistrationApp.framework */,
				AEDE5655247A83B300A3476E /* SnapKit.framework */,
				85DDFB4682F184EE5E70407A /* Pods_RegistrationApp.framework */,
			);
			name = Frameworks;
			sourceTree = "<group>";
		};
		AE84C973246ED3FE00F7166B /* Protocols */ = {
			isa = PBXGroup;
			children = (
				AE84C974246ED43D00F7166B /* Protocols.swift */,
			);
			path = Protocols;
			sourceTree = "<group>";
		};
		AEC936092478368300EEBDA7 /* ViewModel */ = {
			isa = PBXGroup;
			children = (
				AEC9360F247839E900EEBDA7 /* RegistrationViewModel.swift */,
				AEC9361A2479344700EEBDA7 /* LoginViewModel.swift */,
				AEDE566F247AB50E00A3476E /* ForgotPasswordViewModel.swift */,
				AEDE5671247ABD3D00A3476E /* MainViewModel.swift */,
			);
			path = ViewModel;
			sourceTree = "<group>";
		};
		AEC9360A2478368600EEBDA7 /* Model */ = {
			isa = PBXGroup;
			children = (
				AEC9360D2478398200EEBDA7 /* User.swift */,
			);
			path = Model;
			sourceTree = "<group>";
		};
		AEC93613247842AB00EEBDA7 /* Alerts */ = {
			isa = PBXGroup;
			children = (
				AEC93614247842FE00EEBDA7 /* Alert.swift */,
			);
			path = Alerts;
			sourceTree = "<group>";
		};
		AEC9531E24693BA10068B6EE = {
			isa = PBXGroup;
			children = (
				AEC9532924693BA10068B6EE /* RegistrationApp */,
				AEC9532824693BA10068B6EE /* Products */,
				05BAE845779FF0BD2054B32A /* Pods */,
				809DDDE34DBB0D5767C16DDA /* Frameworks */,
			);
			sourceTree = "<group>";
		};
		AEC9532824693BA10068B6EE /* Products */ = {
			isa = PBXGroup;
			children = (
				AEC9532724693BA10068B6EE /* RegistrationApp.app */,
			);
			name = Products;
			sourceTree = "<group>";
		};
		AEC9532924693BA10068B6EE /* RegistrationApp */ = {
			isa = PBXGroup;
			children = (
				AEC9534124693C2A0068B6EE /* Common */,
				AEC9534024693C200068B6EE /* Module */,
				AEDE5675247AC2B800A3476E /* GoogleService-Info */,
				AEDE5674247AC2A100A3476E /* Storyboard */,
				AEDE5673247AC28F00A3476E /* AppDelegate */,
				AEC9533824693BA40068B6EE /* Info.plist */,
			);
			path = RegistrationApp;
			sourceTree = "<group>";
		};
		AEC9534024693C200068B6EE /* Module */ = {
			isa = PBXGroup;
			children = (
				AEC9360A2478368600EEBDA7 /* Model */,
				AEC9534324693C3B0068B6EE /* View */,
				AEC936092478368300EEBDA7 /* ViewModel */,
			);
			path = Module;
			sourceTree = "<group>";
		};
		AEC9534124693C2A0068B6EE /* Common */ = {
			isa = PBXGroup;
			children = (
				AEC93613247842AB00EEBDA7 /* Alerts */,
				AE84C973246ED3FE00F7166B /* Protocols */,
				AEC95357246952130068B6EE /* CustomClass */,
				AEC9534524693C470068B6EE /* Extensions */,
			);
			path = Common;
			sourceTree = "<group>";
		};
		AEC9534324693C3B0068B6EE /* View */ = {
			isa = PBXGroup;
			children = (
				AEDE5649247A80C400A3476E /* MainController */,
				AEDE5648247A80B400A3476E /* ForgotPassword */,
				AEDE5647247A80A700A3476E /* Registration */,
				AEDE5646247A809E00A3476E /* Login */,
			);
			path = View;
			sourceTree = "<group>";
		};
		AEC9534524693C470068B6EE /* Extensions */ = {
			isa = PBXGroup;
			children = (
				AEC9534624693C6D0068B6EE /* UIView+Extension.swift */,
				AEC9534C24693DC80068B6EE /* UITextField+Extension.swift */,
				AE84C970246ED1A900F7166B /* UILabel+Extension.swift */,
				AE84C976246EDBB000F7166B /* UIColor+Extension.swift */,
				AEC9361124783C1600EEBDA7 /* Extension+String.swift */,
			);
			path = Extensions;
			sourceTree = "<group>";
		};
		AEC95357246952130068B6EE /* CustomClass */ = {
			isa = PBXGroup;
			children = (
				AEC72298246F01CB004CA9A7 /* CheckBox.swift */,
				AEC9534E246945DF0068B6EE /* AuthButton.swift */,
			);
			path = CustomClass;
			sourceTree = "<group>";
		};
		AEDE5646247A809E00A3476E /* Login */ = {
			isa = PBXGroup;
			children = (
				AEC9533E24693BD20068B6EE /* LoginController.swift */,
				AEC9534824693C930068B6EE /* LoginView.swift */,
			);
			path = Login;
			sourceTree = "<group>";
		};
		AEDE5647247A80A700A3476E /* Registration */ = {
			isa = PBXGroup;
			children = (
				AEC95353246949AC0068B6EE /* RegistrationController.swift */,
				AEC95355246949FA0068B6EE /* RegistrationView.swift */,
			);
			path = Registration;
			sourceTree = "<group>";
		};
		AEDE5648247A80B400A3476E /* ForgotPassword */ = {
			isa = PBXGroup;
			children = (
				AEC9535A2469592C0068B6EE /* ForgotPasswordController.swift */,
				AEC9535C2469595E0068B6EE /* ForgotPassView.swift */,
			);
			path = ForgotPassword;
			sourceTree = "<group>";
		};
		AEDE5649247A80C400A3476E /* MainController */ = {
			isa = PBXGroup;
			children = (
				AEC9361624790CE400EEBDA7 /* MainController.swift */,
				AEC9361824790CFB00EEBDA7 /* MainView.swift */,
			);
			path = MainController;
			sourceTree = "<group>";
		};
		AEDE5673247AC28F00A3476E /* AppDelegate */ = {
			isa = PBXGroup;
			children = (
				AEC9533324693BA40068B6EE /* Assets.xcassets */,
				AEC9532A24693BA10068B6EE /* AppDelegate.swift */,
				AEC9532C24693BA10068B6EE /* SceneDelegate.swift */,
			);
			path = AppDelegate;
			sourceTree = "<group>";
		};
		AEDE5674247AC2A100A3476E /* Storyboard */ = {
			isa = PBXGroup;
			children = (
				AEC9533024693BA10068B6EE /* Main.storyboard */,
				AEC9533524693BA40068B6EE /* LaunchScreen.storyboard */,
			);
			path = Storyboard;
			sourceTree = "<group>";
		};
		AEDE5675247AC2B800A3476E /* GoogleService-Info */ = {
			isa = PBXGroup;
			children = (
				AEC9360B2478371700EEBDA7 /* GoogleService-Info.plist */,
			);
			path = "GoogleService-Info";
			sourceTree = "<group>";
		};
/* End PBXGroup section */

/* Begin PBXNativeTarget section */
		AEC9532624693BA10068B6EE /* RegistrationApp */ = {
			isa = PBXNativeTarget;
			buildConfigurationList = AEC9533B24693BA40068B6EE /* Build configuration list for PBXNativeTarget "RegistrationApp" */;
			buildPhases = (
				CD3AC8368A42B3070BFDE148 /* [CP] Check Pods Manifest.lock */,
				AEC9532324693BA10068B6EE /* Sources */,
				AEC9532424693BA10068B6EE /* Frameworks */,
				AEC9532524693BA10068B6EE /* Resources */,
				4AB7AF09C7D2B767CDE400BE /* [CP] Embed Pods Frameworks */,
				AEDE566E247A83B300A3476E /* Embed Frameworks */,
			);
			buildRules = (
			);
			dependencies = (
			);
			name = RegistrationApp;
			productName = RegistrationApp;
			productReference = AEC9532724693BA10068B6EE /* RegistrationApp.app */;
			productType = "com.apple.product-type.application";
		};
/* End PBXNativeTarget section */

/* Begin PBXProject section */
		AEC9531F24693BA10068B6EE /* Project object */ = {
			isa = PBXProject;
			attributes = {
				LastSwiftUpdateCheck = 1130;
				LastUpgradeCheck = 1130;
				ORGANIZATIONNAME = rau4o;
				TargetAttributes = {
					AEC9532624693BA10068B6EE = {
						CreatedOnToolsVersion = 11.3.1;
					};
				};
			};
			buildConfigurationList = AEC9532224693BA10068B6EE /* Build configuration list for PBXProject "RegistrationApp" */;
			compatibilityVersion = "Xcode 9.3";
			developmentRegion = en;
			hasScannedForEncodings = 0;
			knownRegions = (
				en,
				Base,
			);
			mainGroup = AEC9531E24693BA10068B6EE;
			productRefGroup = AEC9532824693BA10068B6EE /* Products */;
			projectDirPath = "";
			projectRoot = "";
			targets = (
				AEC9532624693BA10068B6EE /* RegistrationApp */,
			);
		};
/* End PBXProject section */

/* Begin PBXResourcesBuildPhase section */
		AEC9532524693BA10068B6EE /* Resources */ = {
			isa = PBXResourcesBuildPhase;
			buildActionMask = 2147483647;
			files = (
				AEC9533724693BA40068B6EE /* LaunchScreen.storyboard in Resources */,
				AEC9360C2478371700EEBDA7 /* GoogleService-Info.plist in Resources */,
				AEC9533424693BA40068B6EE /* Assets.xcassets in Resources */,
				AEC9533224693BA10068B6EE /* Main.storyboard in Resources */,
			);
			runOnlyForDeploymentPostprocessing = 0;
		};
/* End PBXResourcesBuildPhase section */

/* Begin PBXShellScriptBuildPhase section */
		4AB7AF09C7D2B767CDE400BE /* [CP] Embed Pods Frameworks */ = {
			isa = PBXShellScriptBuildPhase;
			buildActionMask = 2147483647;
			files = (
			);
			inputFileListPaths = (
				"${PODS_ROOT}/Target Support Files/Pods-RegistrationApp/Pods-RegistrationApp-frameworks-${CONFIGURATION}-input-files.xcfilelist",
			);
			name = "[CP] Embed Pods Frameworks";
			outputFileListPaths = (
				"${PODS_ROOT}/Target Support Files/Pods-RegistrationApp/Pods-RegistrationApp-frameworks-${CONFIGURATION}-output-files.xcfilelist",
			);
			runOnlyForDeploymentPostprocessing = 0;
			shellPath = /bin/sh;
			shellScript = "\"${PODS_ROOT}/Target Support Files/Pods-RegistrationApp/Pods-RegistrationApp-frameworks.sh\"\n";
			showEnvVarsInLog = 0;
		};
		CD3AC8368A42B3070BFDE148 /* [CP] Check Pods Manifest.lock */ = {
			isa = PBXShellScriptBuildPhase;
			buildActionMask = 2147483647;
			files = (
			);
			inputFileListPaths = (
			);
			inputPaths = (
				"${PODS_PODFILE_DIR_PATH}/Podfile.lock",
				"${PODS_ROOT}/Manifest.lock",
			);
			name = "[CP] Check Pods Manifest.lock";
			outputFileListPaths = (
			);
			outputPaths = (
				"$(DERIVED_FILE_DIR)/Pods-RegistrationApp-checkManifestLockResult.txt",
			);
			runOnlyForDeploymentPostprocessing = 0;
			shellPath = /bin/sh;
			shellScript = "diff \"${PODS_PODFILE_DIR_PATH}/Podfile.lock\" \"${PODS_ROOT}/Manifest.lock\" > /dev/null\nif [ $? != 0 ] ; then\n    # print error to STDERR\n    echo \"error: The sandbox is not in sync with the Podfile.lock. Run 'pod install' or update your CocoaPods installation.\" >&2\n    exit 1\nfi\n# This output is used by Xcode 'outputs' to avoid re-running this script phase.\necho \"SUCCESS\" > \"${SCRIPT_OUTPUT_FILE_0}\"\n";
			showEnvVarsInLog = 0;
		};
/* End PBXShellScriptBuildPhase section */

/* Begin PBXSourcesBuildPhase section */
		AEC9532324693BA10068B6EE /* Sources */ = {
			isa = PBXSourcesBuildPhase;
			buildActionMask = 2147483647;
			files = (
				AEC9535B2469592C0068B6EE /* ForgotPasswordController.swift in Sources */,
				AEC9361924790CFB00EEBDA7 /* MainView.swift in Sources */,
				AEC9361B2479344700EEBDA7 /* LoginViewModel.swift in Sources */,
				AEC93610247839E900EEBDA7 /* RegistrationViewModel.swift in Sources */,
				AEC95356246949FA0068B6EE /* RegistrationView.swift in Sources */,
				AE84C971246ED1A900F7166B /* UILabel+Extension.swift in Sources */,
				AEC9361724790CE400EEBDA7 /* MainController.swift in Sources */,
				AEC9535D2469595E0068B6EE /* ForgotPassView.swift in Sources */,
				AEC93615247842FE00EEBDA7 /* Alert.swift in Sources */,
				AEC9360E2478398200EEBDA7 /* User.swift in Sources */,
				AE84C977246EDBB000F7166B /* UIColor+Extension.swift in Sources */,
				AEC72299246F01CB004CA9A7 /* CheckBox.swift in Sources */,
				AEC9534924693C930068B6EE /* LoginView.swift in Sources */,
				AEC9534F246945DF0068B6EE /* AuthButton.swift in Sources */,
				AEC9534D24693DC80068B6EE /* UITextField+Extension.swift in Sources */,
				AEC9533F24693BD20068B6EE /* LoginController.swift in Sources */,
				AEC9532B24693BA10068B6EE /* AppDelegate.swift in Sources */,
				AEC9534724693C6D0068B6EE /* UIView+Extension.swift in Sources */,
				AEC9361224783C1600EEBDA7 /* Extension+String.swift in Sources */,
				AEDE5670247AB50E00A3476E /* ForgotPasswordViewModel.swift in Sources */,
				AEC9532D24693BA10068B6EE /* SceneDelegate.swift in Sources */,
				AEC95354246949AC0068B6EE /* RegistrationController.swift in Sources */,
				AE84C975246ED43D00F7166B /* Protocols.swift in Sources */,
				AEDE5672247ABD3D00A3476E /* MainViewModel.swift in Sources */,
			);
			runOnlyForDeploymentPostprocessing = 0;
		};
/* End PBXSourcesBuildPhase section */

/* Begin PBXVariantGroup section */
		AEC9533024693BA10068B6EE /* Main.storyboard */ = {
			isa = PBXVariantGroup;
			children = (
				AEC9533124693BA10068B6EE /* Base */,
			);
			name = Main.storyboard;
			sourceTree = "<group>";
		};
		AEC9533524693BA40068B6EE /* LaunchScreen.storyboard */ = {
			isa = PBXVariantGroup;
			children = (
				AEC9533624693BA40068B6EE /* Base */,
			);
			name = LaunchScreen.storyboard;
			sourceTree = "<group>";
		};
/* End PBXVariantGroup section */

/* Begin XCBuildConfiguration section */
		AEC9533924693BA40068B6EE /* Debug */ = {
			isa = XCBuildConfiguration;
			buildSettings = {
				ALWAYS_SEARCH_USER_PATHS = NO;
				CLANG_ANALYZER_NONNULL = YES;
				CLANG_ANALYZER_NUMBER_OBJECT_CONVERSION = YES_AGGRESSIVE;
				CLANG_CXX_LANGUAGE_STANDARD = "gnu++14";
				CLANG_CXX_LIBRARY = "libc++";
				CLANG_ENABLE_MODULES = YES;
				CLANG_ENABLE_OBJC_ARC = YES;
				CLANG_ENABLE_OBJC_WEAK = YES;
				CLANG_WARN_BLOCK_CAPTURE_AUTORELEASING = YES;
				CLANG_WARN_BOOL_CONVERSION = YES;
				CLANG_WARN_COMMA = YES;
				CLANG_WARN_CONSTANT_CONVERSION = YES;
				CLANG_WARN_DEPRECATED_OBJC_IMPLEMENTATIONS = YES;
				CLANG_WARN_DIRECT_OBJC_ISA_USAGE = YES_ERROR;
				CLANG_WARN_DOCUMENTATION_COMMENTS = YES;
				CLANG_WARN_EMPTY_BODY = YES;
				CLANG_WARN_ENUM_CONVERSION = YES;
				CLANG_WARN_INFINITE_RECURSION = YES;
				CLANG_WARN_INT_CONVERSION = YES;
				CLANG_WARN_NON_LITERAL_NULL_CONVERSION = YES;
				CLANG_WARN_OBJC_IMPLICIT_RETAIN_SELF = YES;
				CLANG_WARN_OBJC_LITERAL_CONVERSION = YES;
				CLANG_WARN_OBJC_ROOT_CLASS = YES_ERROR;
				CLANG_WARN_RANGE_LOOP_ANALYSIS = YES;
				CLANG_WARN_STRICT_PROTOTYPES = YES;
				CLANG_WARN_SUSPICIOUS_MOVE = YES;
				CLANG_WARN_UNGUARDED_AVAILABILITY = YES_AGGRESSIVE;
				CLANG_WARN_UNREACHABLE_CODE = YES;
				CLANG_WARN__DUPLICATE_METHOD_MATCH = YES;
				COPY_PHASE_STRIP = NO;
				DEBUG_INFORMATION_FORMAT = dwarf;
				ENABLE_STRICT_OBJC_MSGSEND = YES;
				ENABLE_TESTABILITY = YES;
				GCC_C_LANGUAGE_STANDARD = gnu11;
				GCC_DYNAMIC_NO_PIC = NO;
				GCC_NO_COMMON_BLOCKS = YES;
				GCC_OPTIMIZATION_LEVEL = 0;
				GCC_PREPROCESSOR_DEFINITIONS = (
					"DEBUG=1",
					"$(inherited)",
				);
				GCC_WARN_64_TO_32_BIT_CONVERSION = YES;
				GCC_WARN_ABOUT_RETURN_TYPE = YES_ERROR;
				GCC_WARN_UNDECLARED_SELECTOR = YES;
				GCC_WARN_UNINITIALIZED_AUTOS = YES_AGGRESSIVE;
				GCC_WARN_UNUSED_FUNCTION = YES;
				GCC_WARN_UNUSED_VARIABLE = YES;
				IPHONEOS_DEPLOYMENT_TARGET = 13.2;
				MTL_ENABLE_DEBUG_INFO = INCLUDE_SOURCE;
				MTL_FAST_MATH = YES;
				ONLY_ACTIVE_ARCH = YES;
				SDKROOT = iphoneos;
				SWIFT_ACTIVE_COMPILATION_CONDITIONS = DEBUG;
				SWIFT_OPTIMIZATION_LEVEL = "-Onone";
			};
			name = Debug;
		};
		AEC9533A24693BA40068B6EE /* Release */ = {
			isa = XCBuildConfiguration;
			buildSettings = {
				ALWAYS_SEARCH_USER_PATHS = NO;
				CLANG_ANALYZER_NONNULL = YES;
				CLANG_ANALYZER_NUMBER_OBJECT_CONVERSION = YES_AGGRESSIVE;
				CLANG_CXX_LANGUAGE_STANDARD = "gnu++14";
				CLANG_CXX_LIBRARY = "libc++";
				CLANG_ENABLE_MODULES = YES;
				CLANG_ENABLE_OBJC_ARC = YES;
				CLANG_ENABLE_OBJC_WEAK = YES;
				CLANG_WARN_BLOCK_CAPTURE_AUTORELEASING = YES;
				CLANG_WARN_BOOL_CONVERSION = YES;
				CLANG_WARN_COMMA = YES;
				CLANG_WARN_CONSTANT_CONVERSION = YES;
				CLANG_WARN_DEPRECATED_OBJC_IMPLEMENTATIONS = YES;
				CLANG_WARN_DIRECT_OBJC_ISA_USAGE = YES_ERROR;
				CLANG_WARN_DOCUMENTATION_COMMENTS = YES;
				CLANG_WARN_EMPTY_BODY = YES;
				CLANG_WARN_ENUM_CONVERSION = YES;
				CLANG_WARN_INFINITE_RECURSION = YES;
				CLANG_WARN_INT_CONVERSION = YES;
				CLANG_WARN_NON_LITERAL_NULL_CONVERSION = YES;
				CLANG_WARN_OBJC_IMPLICIT_RETAIN_SELF = YES;
				CLANG_WARN_OBJC_LITERAL_CONVERSION = YES;
				CLANG_WARN_OBJC_ROOT_CLASS = YES_ERROR;
				CLANG_WARN_RANGE_LOOP_ANALYSIS = YES;
				CLANG_WARN_STRICT_PROTOTYPES = YES;
				CLANG_WARN_SUSPICIOUS_MOVE = YES;
				CLANG_WARN_UNGUARDED_AVAILABILITY = YES_AGGRESSIVE;
				CLANG_WARN_UNREACHABLE_CODE = YES;
				CLANG_WARN__DUPLICATE_METHOD_MATCH = YES;
				COPY_PHASE_STRIP = NO;
				DEBUG_INFORMATION_FORMAT = "dwarf-with-dsym";
				ENABLE_NS_ASSERTIONS = NO;
				ENABLE_STRICT_OBJC_MSGSEND = YES;
				GCC_C_LANGUAGE_STANDARD = gnu11;
				GCC_NO_COMMON_BLOCKS = YES;
				GCC_WARN_64_TO_32_BIT_CONVERSION = YES;
				GCC_WARN_ABOUT_RETURN_TYPE = YES_ERROR;
				GCC_WARN_UNDECLARED_SELECTOR = YES;
				GCC_WARN_UNINITIALIZED_AUTOS = YES_AGGRESSIVE;
				GCC_WARN_UNUSED_FUNCTION = YES;
				GCC_WARN_UNUSED_VARIABLE = YES;
				IPHONEOS_DEPLOYMENT_TARGET = 13.2;
				MTL_ENABLE_DEBUG_INFO = NO;
				MTL_FAST_MATH = YES;
				SDKROOT = iphoneos;
				SWIFT_COMPILATION_MODE = wholemodule;
				SWIFT_OPTIMIZATION_LEVEL = "-O";
				VALIDATE_PRODUCT = YES;
			};
			name = Release;
		};
		AEC9533C24693BA40068B6EE /* Debug */ = {
			isa = XCBuildConfiguration;
			baseConfigurationReference = 262A55AE81F25784EAB11B57 /* Pods-RegistrationApp.debug.xcconfig */;
			buildSettings = {
				ASSETCATALOG_COMPILER_APPICON_NAME = AppIcon;
				CODE_SIGN_STYLE = Automatic;
				DEVELOPMENT_TEAM = FATE3AU2ZJ;
				INFOPLIST_FILE = RegistrationApp/Info.plist;
				LD_RUNPATH_SEARCH_PATHS = (
					"$(inherited)",
					"@executable_path/Frameworks",
				);
				PRODUCT_BUNDLE_IDENTIFIER = APS.RegistrationApp;
				PRODUCT_NAME = "$(TARGET_NAME)";
				SWIFT_VERSION = 4.2;
				TARGETED_DEVICE_FAMILY = "1,2";
			};
			name = Debug;
		};
		AEC9533D24693BA40068B6EE /* Release */ = {
			isa = XCBuildConfiguration;
			baseConfigurationReference = 4401A5EFC850B99794ED8E87 /* Pods-RegistrationApp.release.xcconfig */;
			buildSettings = {
				ASSETCATALOG_COMPILER_APPICON_NAME = AppIcon;
				CODE_SIGN_STYLE = Automatic;
				DEVELOPMENT_TEAM = FATE3AU2ZJ;
				INFOPLIST_FILE = RegistrationApp/Info.plist;
				LD_RUNPATH_SEARCH_PATHS = (
					"$(inherited)",
					"@executable_path/Frameworks",
				);
				PRODUCT_BUNDLE_IDENTIFIER = APS.RegistrationApp;
				PRODUCT_NAME = "$(TARGET_NAME)";
				SWIFT_VERSION = 4.2;
				TARGETED_DEVICE_FAMILY = "1,2";
			};
			name = Release;
		};
/* End XCBuildConfiguration section */

/* Begin XCConfigurationList section */
		AEC9532224693BA10068B6EE /* Build configuration list for PBXProject "RegistrationApp" */ = {
			isa = XCConfigurationList;
			buildConfigurations = (
				AEC9533924693BA40068B6EE /* Debug */,
				AEC9533A24693BA40068B6EE /* Release */,
			);
			defaultConfigurationIsVisible = 0;
			defaultConfigurationName = Release;
		};
		AEC9533B24693BA40068B6EE /* Build configuration list for PBXNativeTarget "RegistrationApp" */ = {
			isa = XCConfigurationList;
			buildConfigurations = (
				AEC9533C24693BA40068B6EE /* Debug */,
				AEC9533D24693BA40068B6EE /* Release */,
			);
			defaultConfigurationIsVisible = 0;
			defaultConfigurationName = Release;
		};
/* End XCConfigurationList section */
	};
	rootObject = AEC9531F24693BA10068B6EE /* Project object */;
}
